
Microsoft Visual Studio Solution File, Format Version 10.00
# Visual Studio 2008
Project("{FAE04EC0-301F-11D3-BF4B-00C04F79EFBC}") = "Crestron-System-Template", "Crestron-System-Template\Crestron-System-Template.csproj", "{4A96E863-55AB-45F8-8F80-3A6EBDFF3962}"
EndProject
Global
	GlobalSection(SolutionConfigurationPlatforms) = preSolution
		Debug|Any CPU = Debug|Any CPU
		Release|Any CPU = Release|Any CPU
	EndGlobalSection
	GlobalSection(ProjectConfigurationPlatforms) = postSolution
		{4A96E863-55AB-45F8-8F80-3A6EBDFF3962}.Debug|Any CPU.ActiveCfg = Debug|Any CPU
		{4A96E863-55AB-45F8-8F80-3A6EBDFF3962}.Debug|Any CPU.Build.0 = Debug|Any CPU
		{4A96E863-55AB-45F8-8F80-3A6EBDFF3962}.Release|Any CPU.ActiveCfg = Release|Any CPU
		{4A96E863-55AB-45F8-8F80-3A6EBDFF3962}.Release|Any CPU.Build.0 = Release|Any CPU
	EndGlobalSection
	GlobalSection(SolutionProperties) = preSolution
		HideSolutionNode = FALSE
	EndGlobalSection
EndGlobal
